
Microsoft Visual Studio Solution File, Format Version 12.00
# Visual Studio Version 17
VisualStudioVersion = 17.1.32319.34
MinimumVisualStudioVersion = 10.0.40219.1
Project("{FAE04EC0-301F-11D3-BF4B-00C04F79EFBC}") = "CokBoyutluDiziler", "CokBoyutluDiziler\CokBoyutluDiziler.csproj", "{319CC834-DB11-4EDA-A71F-EC67938759AA}"
EndProject
Global
	GlobalSection(SolutionConfigurationPlatforms) = preSolution
		Debug|Any CPU = Debug|Any CPU
		Release|Any CPU = Release|Any CPU
	EndGlobalSection
	GlobalSection(ProjectConfigurationPlatforms) = postSolution
		{319CC834-DB11-4EDA-A71F-EC67938759AA}.Debug|Any CPU.ActiveCfg = Debug|Any CPU
		{319CC834-DB11-4EDA-A71F-EC67938759AA}.Debug|Any CPU.Build.0 = Debug|Any CPU
		{319CC834-DB11-4EDA-A71F-EC67938759AA}.Release|Any CPU.ActiveCfg = Release|Any CPU
		{319CC834-DB11-4EDA-A71F-EC67938759AA}.Release|Any CPU.Build.0 = Release|Any CPU
	EndGlobalSection
	GlobalSection(SolutionProperties) = preSolution
		HideSolutionNode = FALSE
	EndGlobalSection
	GlobalSection(ExtensibilityGlobals) = postSolution
		SolutionGuid = {AB32C9CF-4D0F-45EE-A263-CAB84A653520}
	EndGlobalSection
EndGlobal
