
Microsoft Visual Studio Solution File, Format Version 12.00
# Visual Studio Version 17
VisualStudioVersion = 17.1.32319.34
MinimumVisualStudioVersion = 10.0.40219.1
Project("{FAE04EC0-301F-11D3-BF4B-00C04F79EFBC}") = "CreateInstanceMethod", "CreateInstanceMethod\CreateInstanceMethod.csproj", "{4DB75B86-B675-45D1-AF28-B1229A9626AD}"
EndProject
Global
	GlobalSection(SolutionConfigurationPlatforms) = preSolution
		Debug|Any CPU = Debug|Any CPU
		Release|Any CPU = Release|Any CPU
	EndGlobalSection
	GlobalSection(ProjectConfigurationPlatforms) = postSolution
		{4DB75B86-B675-45D1-AF28-B1229A9626AD}.Debug|Any CPU.ActiveCfg = Debug|Any CPU
		{4DB75B86-B675-45D1-AF28-B1229A9626AD}.Debug|Any CPU.Build.0 = Debug|Any CPU
		{4DB75B86-B675-45D1-AF28-B1229A9626AD}.Release|Any CPU.ActiveCfg = Release|Any CPU
		{4DB75B86-B675-45D1-AF28-B1229A9626AD}.Release|Any CPU.Build.0 = Release|Any CPU
	EndGlobalSection
	GlobalSection(SolutionProperties) = preSolution
		HideSolutionNode = FALSE
	EndGlobalSection
	GlobalSection(ExtensibilityGlobals) = postSolution
		SolutionGuid = {01FB1073-D032-45FD-B9D7-68A7FEF45F61}
	EndGlobalSection
EndGlobal
