
Microsoft Visual Studio Solution File, Format Version 12.00
# Visual Studio Version 17
VisualStudioVersion = 17.1.32319.34
MinimumVisualStudioVersion = 10.0.40219.1
Project("{FAE04EC0-301F-11D3-BF4B-00C04F79EFBC}") = "StringType", "StringType\StringType.csproj", "{7F461109-7D99-460B-AB9E-A690E3498568}"
EndProject
Global
	GlobalSection(SolutionConfigurationPlatforms) = preSolution
		Debug|Any CPU = Debug|Any CPU
		Release|Any CPU = Release|Any CPU
	EndGlobalSection
	GlobalSection(ProjectConfigurationPlatforms) = postSolution
		{7F461109-7D99-460B-AB9E-A690E3498568}.Debug|Any CPU.ActiveCfg = Debug|Any CPU
		{7F461109-7D99-460B-AB9E-A690E3498568}.Debug|Any CPU.Build.0 = Debug|Any CPU
		{7F461109-7D99-460B-AB9E-A690E3498568}.Release|Any CPU.ActiveCfg = Release|Any CPU
		{7F461109-7D99-460B-AB9E-A690E3498568}.Release|Any CPU.Build.0 = Release|Any CPU
	EndGlobalSection
	GlobalSection(SolutionProperties) = preSolution
		HideSolutionNode = FALSE
	EndGlobalSection
	GlobalSection(ExtensibilityGlobals) = postSolution
		SolutionGuid = {C0572776-B711-4CBE-AA9C-2CDF08866970}
	EndGlobalSection
EndGlobal
