
Microsoft Visual Studio Solution File, Format Version 12.00
# Visual Studio Version 17
VisualStudioVersion = 17.1.32319.34
MinimumVisualStudioVersion = 10.0.40219.1
Project("{FAE04EC0-301F-11D3-BF4B-00C04F79EFBC}") = "StaticLocalFunctions", "StaticLocalFunctions\StaticLocalFunctions.csproj", "{51AD07DB-8019-4E9A-9801-6A5CC26A0644}"
EndProject
Global
	GlobalSection(SolutionConfigurationPlatforms) = preSolution
		Debug|Any CPU = Debug|Any CPU
		Release|Any CPU = Release|Any CPU
	EndGlobalSection
	GlobalSection(ProjectConfigurationPlatforms) = postSolution
		{51AD07DB-8019-4E9A-9801-6A5CC26A0644}.Debug|Any CPU.ActiveCfg = Debug|Any CPU
		{51AD07DB-8019-4E9A-9801-6A5CC26A0644}.Debug|Any CPU.Build.0 = Debug|Any CPU
		{51AD07DB-8019-4E9A-9801-6A5CC26A0644}.Release|Any CPU.ActiveCfg = Release|Any CPU
		{51AD07DB-8019-4E9A-9801-6A5CC26A0644}.Release|Any CPU.Build.0 = Release|Any CPU
	EndGlobalSection
	GlobalSection(SolutionProperties) = preSolution
		HideSolutionNode = FALSE
	EndGlobalSection
	GlobalSection(ExtensibilityGlobals) = postSolution
		SolutionGuid = {D2F0CB68-33AA-4A25-99B5-2FF87221E31B}
	EndGlobalSection
EndGlobal
