
Microsoft Visual Studio Solution File, Format Version 12.00
# Visual Studio Version 17
VisualStudioVersion = 17.1.32319.34
MinimumVisualStudioVersion = 10.0.40219.1
Project("{FAE04EC0-301F-11D3-BF4B-00C04F79EFBC}") = "RecursiveFunctions", "RecursiveFunctions\RecursiveFunctions.csproj", "{33D7D8C9-64E5-4B81-B8E7-D2FD49B3B67B}"
EndProject
Global
	GlobalSection(SolutionConfigurationPlatforms) = preSolution
		Debug|Any CPU = Debug|Any CPU
		Release|Any CPU = Release|Any CPU
	EndGlobalSection
	GlobalSection(ProjectConfigurationPlatforms) = postSolution
		{33D7D8C9-64E5-4B81-B8E7-D2FD49B3B67B}.Debug|Any CPU.ActiveCfg = Debug|Any CPU
		{33D7D8C9-64E5-4B81-B8E7-D2FD49B3B67B}.Debug|Any CPU.Build.0 = Debug|Any CPU
		{33D7D8C9-64E5-4B81-B8E7-D2FD49B3B67B}.Release|Any CPU.ActiveCfg = Release|Any CPU
		{33D7D8C9-64E5-4B81-B8E7-D2FD49B3B67B}.Release|Any CPU.Build.0 = Release|Any CPU
	EndGlobalSection
	GlobalSection(SolutionProperties) = preSolution
		HideSolutionNode = FALSE
	EndGlobalSection
	GlobalSection(ExtensibilityGlobals) = postSolution
		SolutionGuid = {52BD55D1-5F70-4CAE-8423-E6593DED873F}
	EndGlobalSection
EndGlobal
