
Microsoft Visual Studio Solution File, Format Version 12.00
# Visual Studio Version 17
VisualStudioVersion = 17.1.32319.34
MinimumVisualStudioVersion = 10.0.40219.1
Project("{FAE04EC0-301F-11D3-BF4B-00C04F79EFBC}") = "ArraySinifi", "ArraySinifi\ArraySinifi.csproj", "{3AC9BAD3-39FD-4121-BA1F-B81CD9B84B67}"
EndProject
Global
	GlobalSection(SolutionConfigurationPlatforms) = preSolution
		Debug|Any CPU = Debug|Any CPU
		Release|Any CPU = Release|Any CPU
	EndGlobalSection
	GlobalSection(ProjectConfigurationPlatforms) = postSolution
		{3AC9BAD3-39FD-4121-BA1F-B81CD9B84B67}.Debug|Any CPU.ActiveCfg = Debug|Any CPU
		{3AC9BAD3-39FD-4121-BA1F-B81CD9B84B67}.Debug|Any CPU.Build.0 = Debug|Any CPU
		{3AC9BAD3-39FD-4121-BA1F-B81CD9B84B67}.Release|Any CPU.ActiveCfg = Release|Any CPU
		{3AC9BAD3-39FD-4121-BA1F-B81CD9B84B67}.Release|Any CPU.Build.0 = Release|Any CPU
	EndGlobalSection
	GlobalSection(SolutionProperties) = preSolution
		HideSolutionNode = FALSE
	EndGlobalSection
	GlobalSection(ExtensibilityGlobals) = postSolution
		SolutionGuid = {0DDCB82E-6167-49FB-AF56-67F3E8B1F7A1}
	EndGlobalSection
EndGlobal
