
Microsoft Visual Studio Solution File, Format Version 12.00
# Visual Studio Version 17
VisualStudioVersion = 17.1.32319.34
MinimumVisualStudioVersion = 10.0.40219.1
Project("{FAE04EC0-301F-11D3-BF4B-00C04F79EFBC}") = "Dizilerde_Verisel_Performans", "Dizilerde_Verisel_Performans\Dizilerde_Verisel_Performans.csproj", "{7D22EF50-82F1-4B88-9E0E-F4B6009009F2}"
EndProject
Global
	GlobalSection(SolutionConfigurationPlatforms) = preSolution
		Debug|Any CPU = Debug|Any CPU
		Release|Any CPU = Release|Any CPU
	EndGlobalSection
	GlobalSection(ProjectConfigurationPlatforms) = postSolution
		{7D22EF50-82F1-4B88-9E0E-F4B6009009F2}.Debug|Any CPU.ActiveCfg = Debug|Any CPU
		{7D22EF50-82F1-4B88-9E0E-F4B6009009F2}.Debug|Any CPU.Build.0 = Debug|Any CPU
		{7D22EF50-82F1-4B88-9E0E-F4B6009009F2}.Release|Any CPU.ActiveCfg = Release|Any CPU
		{7D22EF50-82F1-4B88-9E0E-F4B6009009F2}.Release|Any CPU.Build.0 = Release|Any CPU
	EndGlobalSection
	GlobalSection(SolutionProperties) = preSolution
		HideSolutionNode = FALSE
	EndGlobalSection
	GlobalSection(ExtensibilityGlobals) = postSolution
		SolutionGuid = {F4197B86-2E21-417C-B868-7CF4964B0EF4}
	EndGlobalSection
EndGlobal
